
Microsoft Visual Studio Solution File, Format Version 12.00
# Visual Studio Version 17
VisualStudioVersion = 17.7.34202.233
MinimumVisualStudioVersion = 10.0.40219.1
Project("{FAE04EC0-301F-11D3-BF4B-00C04F79EFBC}") = "Practica 5 U-3", "Practica 5 U-3.csproj", "{8885965C-47F3-4631-AC47-D39F2202771F}"
EndProject
Global
	GlobalSection(SolutionConfigurationPlatforms) = preSolution
		Debug|Any CPU = Debug|Any CPU
		Release|Any CPU = Release|Any CPU
	EndGlobalSection
	GlobalSection(ProjectConfigurationPlatforms) = postSolution
		{8885965C-47F3-4631-AC47-D39F2202771F}.Debug|Any CPU.ActiveCfg = Debug|Any CPU
		{8885965C-47F3-4631-AC47-D39F2202771F}.Debug|Any CPU.Build.0 = Debug|Any CPU
		{8885965C-47F3-4631-AC47-D39F2202771F}.Release|Any CPU.ActiveCfg = Release|Any CPU
		{8885965C-47F3-4631-AC47-D39F2202771F}.Release|Any CPU.Build.0 = Release|Any CPU
	EndGlobalSection
	GlobalSection(SolutionProperties) = preSolution
		HideSolutionNode = FALSE
	EndGlobalSection
	GlobalSection(ExtensibilityGlobals) = postSolution
		SolutionGuid = {A6E9EDC9-D31F-45BC-84D8-C0383D4C7E78}
	EndGlobalSection
EndGlobal
